
Microsoft Visual Studio Solution File, Format Version 12.00
# Visual Studio Version 17
VisualStudioVersion = 17.5.33530.505
MinimumVisualStudioVersion = 10.0.40219.1
Project("{9A19103F-16F7-4668-BE54-9A1E7A4F7556}") = "FlightBooking.Repository", "FlightBookingLib\FlightBooking.Repository.csproj", "{5E774521-038B-4153-85E1-7AEC5AEA8EDE}"
EndProject
Project("{9A19103F-16F7-4668-BE54-9A1E7A4F7556}") = "FlightBooking.API", "FlightBookingAPI\FlightBooking.API.csproj", "{A2871B92-BD48-48E2-99DB-0EEB23853584}"
EndProject
Project("{FAE04EC0-301F-11D3-BF4B-00C04F79EFBC}") = "FlightBooking.Domain", "FlightBooking.Domain\FlightBooking.Domain.csproj", "{BBC37C5A-8EFA-4941-8AE5-545F65848E3E}"
EndProject
Global
	GlobalSection(SolutionConfigurationPlatforms) = preSolution
		Debug|Any CPU = Debug|Any CPU
		Release|Any CPU = Release|Any CPU
	EndGlobalSection
	GlobalSection(ProjectConfigurationPlatforms) = postSolution
		{5E774521-038B-4153-85E1-7AEC5AEA8EDE}.Debug|Any CPU.ActiveCfg = Debug|Any CPU
		{5E774521-038B-4153-85E1-7AEC5AEA8EDE}.Debug|Any CPU.Build.0 = Debug|Any CPU
		{5E774521-038B-4153-85E1-7AEC5AEA8EDE}.Release|Any CPU.ActiveCfg = Release|Any CPU
		{5E774521-038B-4153-85E1-7AEC5AEA8EDE}.Release|Any CPU.Build.0 = Release|Any CPU
		{A2871B92-BD48-48E2-99DB-0EEB23853584}.Debug|Any CPU.ActiveCfg = Debug|Any CPU
		{A2871B92-BD48-48E2-99DB-0EEB23853584}.Debug|Any CPU.Build.0 = Debug|Any CPU
		{A2871B92-BD48-48E2-99DB-0EEB23853584}.Release|Any CPU.ActiveCfg = Release|Any CPU
		{A2871B92-BD48-48E2-99DB-0EEB23853584}.Release|Any CPU.Build.0 = Release|Any CPU
		{BBC37C5A-8EFA-4941-8AE5-545F65848E3E}.Debug|Any CPU.ActiveCfg = Debug|Any CPU
		{BBC37C5A-8EFA-4941-8AE5-545F65848E3E}.Debug|Any CPU.Build.0 = Debug|Any CPU
		{BBC37C5A-8EFA-4941-8AE5-545F65848E3E}.Release|Any CPU.ActiveCfg = Release|Any CPU
		{BBC37C5A-8EFA-4941-8AE5-545F65848E3E}.Release|Any CPU.Build.0 = Release|Any CPU
	EndGlobalSection
	GlobalSection(SolutionProperties) = preSolution
		HideSolutionNode = FALSE
	EndGlobalSection
	GlobalSection(ExtensibilityGlobals) = postSolution
		SolutionGuid = {F46B4C28-C272-429E-9048-DA5F61C3BED7}
	EndGlobalSection
EndGlobal
